
Microsoft Visual Studio Solution File, Format Version 12.00
# Visual Studio Version 16
VisualStudioVersion = 16.0.31729.503
MinimumVisualStudioVersion = 10.0.40219.1
Project("{FAE04EC0-301F-11D3-BF4B-00C04F79EFBC}") = "Wrish-BackEnd", "Wrish-BackEnd\Wrish-BackEnd.csproj", "{6D2270ED-7CE0-4CA4-B6EA-74DA09323204}"
EndProject
Global
	GlobalSection(SolutionConfigurationPlatforms) = preSolution
		Debug|Any CPU = Debug|Any CPU
		Release|Any CPU = Release|Any CPU
	EndGlobalSection
	GlobalSection(ProjectConfigurationPlatforms) = postSolution
		{6D2270ED-7CE0-4CA4-B6EA-74DA09323204}.Debug|Any CPU.ActiveCfg = Debug|Any CPU
		{6D2270ED-7CE0-4CA4-B6EA-74DA09323204}.Debug|Any CPU.Build.0 = Debug|Any CPU
		{6D2270ED-7CE0-4CA4-B6EA-74DA09323204}.Release|Any CPU.ActiveCfg = Release|Any CPU
		{6D2270ED-7CE0-4CA4-B6EA-74DA09323204}.Release|Any CPU.Build.0 = Release|Any CPU
	EndGlobalSection
	GlobalSection(SolutionProperties) = preSolution
		HideSolutionNode = FALSE
	EndGlobalSection
	GlobalSection(ExtensibilityGlobals) = postSolution
		SolutionGuid = {37D31A3A-C5A4-48D4-B5B6-F2E6AD27BA46}
	EndGlobalSection
EndGlobal
